
Microsoft Visual Studio Solution File, Format Version 12.00
# Visual Studio 15
Project("{FAE04EC0-301F-11D3-BF4B-00C04F79EFBC}") = "QFSW.QC", "QFSW.QC.csproj", "{6050300E-0ED4-9D00-5F6D-99AFD65DD488}"
EndProject
Project("{FAE04EC0-301F-11D3-BF4B-00C04F79EFBC}") = "QFSW.QC.Grammar", "QFSW.QC.Grammar.csproj", "{EC969B71-9F98-D5D3-B011-F467035307FF}"
EndProject
Project("{FAE04EC0-301F-11D3-BF4B-00C04F79EFBC}") = "QFSW.QC.Extras", "QFSW.QC.Extras.csproj", "{0A02349A-48BA-E8E9-5FA4-39A47560E847}"
EndProject
Project("{FAE04EC0-301F-11D3-BF4B-00C04F79EFBC}") = "QFSW.QC.Suggestors", "QFSW.QC.Suggestors.csproj", "{A04BF489-FD32-3AA1-A2B8-47E9952BCCA8}"
EndProject
Project("{FAE04EC0-301F-11D3-BF4B-00C04F79EFBC}") = "QFSW.QC.Editor", "QFSW.QC.Editor.csproj", "{939E8BB8-DD61-4C36-9E81-6B3A962D5ECB}"
EndProject
Project("{FAE04EC0-301F-11D3-BF4B-00C04F79EFBC}") = "QFSW.QC.Parsers", "QFSW.QC.Parsers.csproj", "{31EFBBA8-C840-1F2C-0CC5-3DA183B5488A}"
EndProject
Project("{FAE04EC0-301F-11D3-BF4B-00C04F79EFBC}") = "QFSW.QC.QGUI", "QFSW.QC.QGUI.csproj", "{E4E9E1F0-3685-3F44-3E5E-95A8B258E7A6}"
EndProject
Project("{FAE04EC0-301F-11D3-BF4B-00C04F79EFBC}") = "QFSW.QC.Demo", "QFSW.QC.Demo.csproj", "{D5FC580F-4861-EA66-8566-99D4AA93BE22}"
EndProject
Project("{FAE04EC0-301F-11D3-BF4B-00C04F79EFBC}") = "QFSW.QC.Editor.Tools", "QFSW.QC.Editor.Tools.csproj", "{4356C328-4780-0B54-3DA8-1A06143F655D}"
EndProject
Project("{FAE04EC0-301F-11D3-BF4B-00C04F79EFBC}") = "QFSW.QC.Serializers", "QFSW.QC.Serializers.csproj", "{A8CAC1EB-D208-D95D-EA00-487628AD7143}"
EndProject
Project("{FAE04EC0-301F-11D3-BF4B-00C04F79EFBC}") = "Assembly-CSharp", "Assembly-CSharp.csproj", "{86054228-C3D3-55CD-BBD4-D608468EB4A8}"
EndProject
Project("{FAE04EC0-301F-11D3-BF4B-00C04F79EFBC}") = "QFSW.QC.UI", "QFSW.QC.UI.csproj", "{B5AE7D7E-A699-26C3-8DCA-2F037088293B}"
EndProject
Project("{FAE04EC0-301F-11D3-BF4B-00C04F79EFBC}") = "QFSW.QC.ScanRules", "QFSW.QC.ScanRules.csproj", "{20D5706E-06E4-E679-D30D-14D5F63CF7A3}"
EndProject
Global
	GlobalSection(SolutionConfigurationPlatforms) = preSolution
		Debug|Any CPU = Debug|Any CPU
		Release|Any CPU = Release|Any CPU
	EndGlobalSection
	GlobalSection(ProjectConfigurationPlatforms) = postSolution
		{6050300E-0ED4-9D00-5F6D-99AFD65DD488}.Debug|Any CPU.ActiveCfg = Debug|Any CPU
		{6050300E-0ED4-9D00-5F6D-99AFD65DD488}.Debug|Any CPU.Build.0 = Debug|Any CPU
		{6050300E-0ED4-9D00-5F6D-99AFD65DD488}.Release|Any CPU.ActiveCfg = Release|Any CPU
		{6050300E-0ED4-9D00-5F6D-99AFD65DD488}.Release|Any CPU.Build.0 = Release|Any CPU
		{EC969B71-9F98-D5D3-B011-F467035307FF}.Debug|Any CPU.ActiveCfg = Debug|Any CPU
		{EC969B71-9F98-D5D3-B011-F467035307FF}.Debug|Any CPU.Build.0 = Debug|Any CPU
		{EC969B71-9F98-D5D3-B011-F467035307FF}.Release|Any CPU.ActiveCfg = Release|Any CPU
		{EC969B71-9F98-D5D3-B011-F467035307FF}.Release|Any CPU.Build.0 = Release|Any CPU
		{0A02349A-48BA-E8E9-5FA4-39A47560E847}.Debug|Any CPU.ActiveCfg = Debug|Any CPU
		{0A02349A-48BA-E8E9-5FA4-39A47560E847}.Debug|Any CPU.Build.0 = Debug|Any CPU
		{0A02349A-48BA-E8E9-5FA4-39A47560E847}.Release|Any CPU.ActiveCfg = Release|Any CPU
		{0A02349A-48BA-E8E9-5FA4-39A47560E847}.Release|Any CPU.Build.0 = Release|Any CPU
		{A04BF489-FD32-3AA1-A2B8-47E9952BCCA8}.Debug|Any CPU.ActiveCfg = Debug|Any CPU
		{A04BF489-FD32-3AA1-A2B8-47E9952BCCA8}.Debug|Any CPU.Build.0 = Debug|Any CPU
		{A04BF489-FD32-3AA1-A2B8-47E9952BCCA8}.Release|Any CPU.ActiveCfg = Release|Any CPU
		{A04BF489-FD32-3AA1-A2B8-47E9952BCCA8}.Release|Any CPU.Build.0 = Release|Any CPU
		{939E8BB8-DD61-4C36-9E81-6B3A962D5ECB}.Debug|Any CPU.ActiveCfg = Debug|Any CPU
		{939E8BB8-DD61-4C36-9E81-6B3A962D5ECB}.Debug|Any CPU.Build.0 = Debug|Any CPU
		{939E8BB8-DD61-4C36-9E81-6B3A962D5ECB}.Release|Any CPU.ActiveCfg = Release|Any CPU
		{939E8BB8-DD61-4C36-9E81-6B3A962D5ECB}.Release|Any CPU.Build.0 = Release|Any CPU
		{31EFBBA8-C840-1F2C-0CC5-3DA183B5488A}.Debug|Any CPU.ActiveCfg = Debug|Any CPU
		{31EFBBA8-C840-1F2C-0CC5-3DA183B5488A}.Debug|Any CPU.Build.0 = Debug|Any CPU
		{31EFBBA8-C840-1F2C-0CC5-3DA183B5488A}.Release|Any CPU.ActiveCfg = Release|Any CPU
		{31EFBBA8-C840-1F2C-0CC5-3DA183B5488A}.Release|Any CPU.Build.0 = Release|Any CPU
		{E4E9E1F0-3685-3F44-3E5E-95A8B258E7A6}.Debug|Any CPU.ActiveCfg = Debug|Any CPU
		{E4E9E1F0-3685-3F44-3E5E-95A8B258E7A6}.Debug|Any CPU.Build.0 = Debug|Any CPU
		{E4E9E1F0-3685-3F44-3E5E-95A8B258E7A6}.Release|Any CPU.ActiveCfg = Release|Any CPU
		{E4E9E1F0-3685-3F44-3E5E-95A8B258E7A6}.Release|Any CPU.Build.0 = Release|Any CPU
		{D5FC580F-4861-EA66-8566-99D4AA93BE22}.Debug|Any CPU.ActiveCfg = Debug|Any CPU
		{D5FC580F-4861-EA66-8566-99D4AA93BE22}.Debug|Any CPU.Build.0 = Debug|Any CPU
		{D5FC580F-4861-EA66-8566-99D4AA93BE22}.Release|Any CPU.ActiveCfg = Release|Any CPU
		{D5FC580F-4861-EA66-8566-99D4AA93BE22}.Release|Any CPU.Build.0 = Release|Any CPU
		{4356C328-4780-0B54-3DA8-1A06143F655D}.Debug|Any CPU.ActiveCfg = Debug|Any CPU
		{4356C328-4780-0B54-3DA8-1A06143F655D}.Debug|Any CPU.Build.0 = Debug|Any CPU
		{4356C328-4780-0B54-3DA8-1A06143F655D}.Release|Any CPU.ActiveCfg = Release|Any CPU
		{4356C328-4780-0B54-3DA8-1A06143F655D}.Release|Any CPU.Build.0 = Release|Any CPU
		{A8CAC1EB-D208-D95D-EA00-487628AD7143}.Debug|Any CPU.ActiveCfg = Debug|Any CPU
		{A8CAC1EB-D208-D95D-EA00-487628AD7143}.Debug|Any CPU.Build.0 = Debug|Any CPU
		{A8CAC1EB-D208-D95D-EA00-487628AD7143}.Release|Any CPU.ActiveCfg = Release|Any CPU
		{A8CAC1EB-D208-D95D-EA00-487628AD7143}.Release|Any CPU.Build.0 = Release|Any CPU
		{86054228-C3D3-55CD-BBD4-D608468EB4A8}.Debug|Any CPU.ActiveCfg = Debug|Any CPU
		{86054228-C3D3-55CD-BBD4-D608468EB4A8}.Debug|Any CPU.Build.0 = Debug|Any CPU
		{86054228-C3D3-55CD-BBD4-D608468EB4A8}.Release|Any CPU.ActiveCfg = Release|Any CPU
		{86054228-C3D3-55CD-BBD4-D608468EB4A8}.Release|Any CPU.Build.0 = Release|Any CPU
		{B5AE7D7E-A699-26C3-8DCA-2F037088293B}.Debug|Any CPU.ActiveCfg = Debug|Any CPU
		{B5AE7D7E-A699-26C3-8DCA-2F037088293B}.Debug|Any CPU.Build.0 = Debug|Any CPU
		{B5AE7D7E-A699-26C3-8DCA-2F037088293B}.Release|Any CPU.ActiveCfg = Release|Any CPU
		{B5AE7D7E-A699-26C3-8DCA-2F037088293B}.Release|Any CPU.Build.0 = Release|Any CPU
		{20D5706E-06E4-E679-D30D-14D5F63CF7A3}.Debug|Any CPU.ActiveCfg = Debug|Any CPU
		{20D5706E-06E4-E679-D30D-14D5F63CF7A3}.Debug|Any CPU.Build.0 = Debug|Any CPU
		{20D5706E-06E4-E679-D30D-14D5F63CF7A3}.Release|Any CPU.ActiveCfg = Release|Any CPU
		{20D5706E-06E4-E679-D30D-14D5F63CF7A3}.Release|Any CPU.Build.0 = Release|Any CPU
	EndGlobalSection
	GlobalSection(SolutionProperties) = preSolution
		HideSolutionNode = FALSE
	EndGlobalSection
EndGlobal
